
Microsoft Visual Studio Solution File, Format Version 12.00
# Visual Studio Version 17
VisualStudioVersion = 17.12.35527.113 d17.12
MinimumVisualStudioVersion = 10.0.40219.1
Project("{FAE04EC0-301F-11D3-BF4B-00C04F79EFBC}") = "Tecno Planeta Web API", "Tecno Planeta Web API\Tecno Planeta Web API.csproj", "{A28E3D83-6C8C-46BC-8EBE-17BABD2F0C86}"
EndProject
Project("{FAE04EC0-301F-11D3-BF4B-00C04F79EFBC}") = "BLL", "BLL\BLL.csproj", "{C3CB2CE2-8A13-4C49-B68B-FB846EAF3947}"
EndProject
Project("{FAE04EC0-301F-11D3-BF4B-00C04F79EFBC}") = "DAL", "DAL\DAL.csproj", "{0D96E192-21A7-4019-9B2C-AC287D96355D}"
EndProject
Project("{FAE04EC0-301F-11D3-BF4B-00C04F79EFBC}") = "Entities", "Entities\Entities.csproj", "{55E28C2F-6077-4C2F-9AE9-AF80C189AFFA}"
EndProject
Global
	GlobalSection(SolutionConfigurationPlatforms) = preSolution
		Debug|Any CPU = Debug|Any CPU
		Release|Any CPU = Release|Any CPU
	EndGlobalSection
	GlobalSection(ProjectConfigurationPlatforms) = postSolution
		{A28E3D83-6C8C-46BC-8EBE-17BABD2F0C86}.Debug|Any CPU.ActiveCfg = Debug|Any CPU
		{A28E3D83-6C8C-46BC-8EBE-17BABD2F0C86}.Debug|Any CPU.Build.0 = Debug|Any CPU
		{A28E3D83-6C8C-46BC-8EBE-17BABD2F0C86}.Release|Any CPU.ActiveCfg = Release|Any CPU
		{A28E3D83-6C8C-46BC-8EBE-17BABD2F0C86}.Release|Any CPU.Build.0 = Release|Any CPU
		{C3CB2CE2-8A13-4C49-B68B-FB846EAF3947}.Debug|Any CPU.ActiveCfg = Debug|Any CPU
		{C3CB2CE2-8A13-4C49-B68B-FB846EAF3947}.Debug|Any CPU.Build.0 = Debug|Any CPU
		{C3CB2CE2-8A13-4C49-B68B-FB846EAF3947}.Release|Any CPU.ActiveCfg = Release|Any CPU
		{C3CB2CE2-8A13-4C49-B68B-FB846EAF3947}.Release|Any CPU.Build.0 = Release|Any CPU
		{0D96E192-21A7-4019-9B2C-AC287D96355D}.Debug|Any CPU.ActiveCfg = Debug|Any CPU
		{0D96E192-21A7-4019-9B2C-AC287D96355D}.Debug|Any CPU.Build.0 = Debug|Any CPU
		{0D96E192-21A7-4019-9B2C-AC287D96355D}.Release|Any CPU.ActiveCfg = Release|Any CPU
		{0D96E192-21A7-4019-9B2C-AC287D96355D}.Release|Any CPU.Build.0 = Release|Any CPU
		{55E28C2F-6077-4C2F-9AE9-AF80C189AFFA}.Debug|Any CPU.ActiveCfg = Debug|Any CPU
		{55E28C2F-6077-4C2F-9AE9-AF80C189AFFA}.Debug|Any CPU.Build.0 = Debug|Any CPU
		{55E28C2F-6077-4C2F-9AE9-AF80C189AFFA}.Release|Any CPU.ActiveCfg = Release|Any CPU
		{55E28C2F-6077-4C2F-9AE9-AF80C189AFFA}.Release|Any CPU.Build.0 = Release|Any CPU
	EndGlobalSection
	GlobalSection(SolutionProperties) = preSolution
		HideSolutionNode = FALSE
	EndGlobalSection
EndGlobal
